// !$*UTF8*$!
{
	archiveVersion = 1;
	classes = {
	};
	objectVersion = 77;
	objects = {

/* Begin PBXBuildFile section */
		CC000000000000000000000C /* ChronicleKit in Frameworks */ = {isa = PBXBuildFile; productRef = CC0000000000000000000003 /* ChronicleKit */; };
		CC000000000000000000000D /* Sparkle in Frameworks */ = {isa = PBXBuildFile; productRef = CC0000000000000000000004 /* Sparkle */; };
		CC000000000000000000000E /* ChronicleCLICore in Frameworks */ = {isa = PBXBuildFile; productRef = CC0000000000000000000005 /* ChronicleCLICore */; };
		CC0000000000000000000010 /* chronicle in Embed CLI */ = {isa = PBXBuildFile; fileRef = CC000000000000000000000A /* chronicle */; };
/* End PBXBuildFile section */

/* Begin PBXContainerItemProxy section */
		6BA220B1304710B70009EB49 /* PBXContainerItemProxy */ = {
			isa = PBXContainerItemProxy;
			containerPortal = 6BA2209B304710B60009EB49 /* Project object */;
			proxyType = 1;
			remoteGlobalIDString = 6BA220A2304710B60009EB49;
			remoteInfo = Chronicle;
		};
		6BA220BB304710B70009EB49 /* PBXContainerItemProxy */ = {
			isa = PBXContainerItemProxy;
			containerPortal = 6BA2209B304710B60009EB49 /* Project object */;
			proxyType = 1;
			remoteGlobalIDString = 6BA220A2304710B60009EB49;
			remoteInfo = Chronicle;
		};
		CC0000000000000000000011 /* PBXContainerItemProxy */ = {
			isa = PBXContainerItemProxy;
			containerPortal = 6BA2209B304710B60009EB49 /* Project object */;
			proxyType = 1;
			remoteGlobalIDString = CC0000000000000000000007;
			remoteInfo = ChronicleCLI;
		};
/* End PBXContainerItemProxy section */

/* Begin PBXCopyFilesBuildPhase section */
		CC000000000000000000000F /* Embed CLI */ = {
			isa = PBXCopyFilesBuildPhase;
			buildActionMask = 2147483647;
			dstPath = Contents/Helpers;
			dstSubfolderSpec = 1;
			files = (
				CC0000000000000000000010 /* chronicle in Embed CLI */,
			);
			name = "Embed CLI";
			runOnlyForDeploymentPostprocessing = 0;
		};
/* End PBXCopyFilesBuildPhase section */

/* Begin PBXFileReference section */
		6BA220A3304710B60009EB49 /* Chronicle.app */ = {isa = PBXFileReference; explicitFileType = wrapper.application; includeInIndex = 0; path = Chronicle.app; sourceTree = BUILT_PRODUCTS_DIR; };
		6BA220B0304710B70009EB49 /* ChronicleTests.xctest */ = {isa = PBXFileReference; explicitFileType = wrapper.cfbundle; includeInIndex = 0; path = ChronicleTests.xctest; sourceTree = BUILT_PRODUCTS_DIR; };
		6BA220BA304710B70009EB49 /* ChronicleUITests.xctest */ = {isa = PBXFileReference; explicitFileType = wrapper.cfbundle; includeInIndex = 0; path = ChronicleUITests.xctest; sourceTree = BUILT_PRODUCTS_DIR; };
		CC000000000000000000000A /* chronicle */ = {isa = PBXFileReference; explicitFileType = "compiled.mach-o.executable"; includeInIndex = 0; path = chronicle; sourceTree = BUILT_PRODUCTS_DIR; };
/* End PBXFileReference section */

/* Begin PBXFileSystemSynchronizedBuildFileExceptionSet section */
		CC0000000000000000000015 /* Exceptions for "Chronicle" folder in "Chronicle" target */ = {
			isa = PBXFileSystemSynchronizedBuildFileExceptionSet;
			membershipExceptions = (
				Info.plist,
			);
			target = 6BA220A2304710B60009EB49 /* Chronicle */;
		};
/* End PBXFileSystemSynchronizedBuildFileExceptionSet section */

/* Begin PBXFileSystemSynchronizedRootGroup section */
		6BA220A5304710B60009EB49 /* Chronicle */ = {
			isa = PBXFileSystemSynchronizedRootGroup;
			exceptions = (
				CC0000000000000000000015 /* Exceptions for "Chronicle" folder in "Chronicle" target */,
			);
			path = Chronicle;
			sourceTree = "<group>";
		};
		6BA220B3304710B70009EB49 /* ChronicleTests */ = {
			isa = PBXFileSystemSynchronizedRootGroup;
			path = ChronicleTests;
			sourceTree = "<group>";
		};
		6BA220BD304710B70009EB49 /* ChronicleUITests */ = {
			isa = PBXFileSystemSynchronizedRootGroup;
			path = ChronicleUITests;
			sourceTree = "<group>";
		};
		CC0000000000000000000006 /* ChronicleCLI */ = {
			isa = PBXFileSystemSynchronizedRootGroup;
			path = ChronicleCLI;
			sourceTree = "<group>";
		};
/* End PBXFileSystemSynchronizedRootGroup section */

/* Begin PBXFrameworksBuildPhase section */
		6BA220A0304710B60009EB49 /* Frameworks */ = {
			isa = PBXFrameworksBuildPhase;
			buildActionMask = 2147483647;
			files = (
				CC000000000000000000000C /* ChronicleKit in Frameworks */,
				CC000000000000000000000D /* Sparkle in Frameworks */,
			);
			runOnlyForDeploymentPostprocessing = 0;
		};
		6BA220AD304710B70009EB49 /* Frameworks */ = {
			isa = PBXFrameworksBuildPhase;
			buildActionMask = 2147483647;
			files = (
			);
			runOnlyForDeploymentPostprocessing = 0;
		};
		6BA220B7304710B70009EB49 /* Frameworks */ = {
			isa = PBXFrameworksBuildPhase;
			buildActionMask = 2147483647;
			files = (
			);
			runOnlyForDeploymentPostprocessing = 0;
		};
		CC0000000000000000000009 /* Frameworks */ = {
			isa = PBXFrameworksBuildPhase;
			buildActionMask = 2147483647;
			files = (
				CC000000000000000000000E /* ChronicleCLICore in Frameworks */,
			);
			runOnlyForDeploymentPostprocessing = 0;
		};
/* End PBXFrameworksBuildPhase section */

/* Begin PBXGroup section */
		6BA2209A304710B60009EB49 = {
			isa = PBXGroup;
			children = (
				6BA220A5304710B60009EB49 /* Chronicle */,
				CC0000000000000000000006 /* ChronicleCLI */,
				6BA220B3304710B70009EB49 /* ChronicleTests */,
				6BA220BD304710B70009EB49 /* ChronicleUITests */,
				6BA220A4304710B60009EB49 /* Products */,
			);
			sourceTree = "<group>";
		};
		6BA220A4304710B60009EB49 /* Products */ = {
			isa = PBXGroup;
			children = (
				6BA220A3304710B60009EB49 /* Chronicle.app */,
				CC000000000000000000000A /* chronicle */,
				6BA220B0304710B70009EB49 /* ChronicleTests.xctest */,
				6BA220BA304710B70009EB49 /* ChronicleUITests.xctest */,
			);
			name = Products;
			sourceTree = "<group>";
		};
/* End PBXGroup section */

/* Begin PBXNativeTarget section */
		6BA220A2304710B60009EB49 /* Chronicle */ = {
			isa = PBXNativeTarget;
			buildConfigurationList = 6BA220C4304710B70009EB49 /* Build configuration list for PBXNativeTarget "Chronicle" */;
			buildPhases = (
				6BA2209F304710B60009EB49 /* Sources */,
				6BA220A0304710B60009EB49 /* Frameworks */,
				6BA220A1304710B60009EB49 /* Resources */,
				CC000000000000000000000F /* Embed CLI */,
			);
			buildRules = (
			);
			dependencies = (
				CC0000000000000000000012 /* PBXTargetDependency */,
			);
			fileSystemSynchronizedGroups = (
				6BA220A5304710B60009EB49 /* Chronicle */,
			);
			name = Chronicle;
			packageProductDependencies = (
				CC0000000000000000000003 /* ChronicleKit */,
				CC0000000000000000000004 /* Sparkle */,
			);
			productName = Chronicle;
			productReference = 6BA220A3304710B60009EB49 /* Chronicle.app */;
			productType = "com.apple.product-type.application";
		};
		6BA220AF304710B70009EB49 /* ChronicleTests */ = {
			isa = PBXNativeTarget;
			buildConfigurationList = 6BA220C7304710B70009EB49 /* Build configuration list for PBXNativeTarget "ChronicleTests" */;
			buildPhases = (
				6BA220AC304710B70009EB49 /* Sources */,
				6BA220AD304710B70009EB49 /* Frameworks */,
				6BA220AE304710B70009EB49 /* Resources */,
			);
			buildRules = (
			);
			dependencies = (
				6BA220B2304710B70009EB49 /* PBXTargetDependency */,
			);
			fileSystemSynchronizedGroups = (
				6BA220B3304710B70009EB49 /* ChronicleTests */,
			);
			name = ChronicleTests;
			packageProductDependencies = (
			);
			productName = ChronicleTests;
			productReference = 6BA220B0304710B70009EB49 /* ChronicleTests.xctest */;
			productType = "com.apple.product-type.bundle.unit-test";
		};
		6BA220B9304710B70009EB49 /* ChronicleUITests */ = {
			isa = PBXNativeTarget;
			buildConfigurationList = 6BA220CA304710B70009EB49 /* Build configuration list for PBXNativeTarget "ChronicleUITests" */;
			buildPhases = (
				6BA220B6304710B70009EB49 /* Sources */,
				6BA220B7304710B70009EB49 /* Frameworks */,
				6BA220B8304710B70009EB49 /* Resources */,
			);
			buildRules = (
			);
			dependencies = (
				6BA220BC304710B70009EB49 /* PBXTargetDependency */,
			);
			fileSystemSynchronizedGroups = (
				6BA220BD304710B70009EB49 /* ChronicleUITests */,
			);
			name = ChronicleUITests;
			packageProductDependencies = (
			);
			productName = ChronicleUITests;
			productReference = 6BA220BA304710B70009EB49 /* ChronicleUITests.xctest */;
			productType = "com.apple.product-type.bundle.ui-testing";
		};
		CC0000000000000000000007 /* ChronicleCLI */ = {
			isa = PBXNativeTarget;
			buildConfigurationList = CC000000000000000000000B /* Build configuration list for PBXNativeTarget "ChronicleCLI" */;
			buildPhases = (
				CC0000000000000000000008 /* Sources */,
				CC0000000000000000000009 /* Frameworks */,
			);
			buildRules = (
			);
			dependencies = (
			);
			fileSystemSynchronizedGroups = (
				CC0000000000000000000006 /* ChronicleCLI */,
			);
			name = ChronicleCLI;
			packageProductDependencies = (
				CC0000000000000000000005 /* ChronicleCLICore */,
			);
			productName = chronicle;
			productReference = CC000000000000000000000A /* chronicle */;
			productType = "com.apple.product-type.tool";
		};
/* End PBXNativeTarget section */

/* Begin PBXProject section */
		6BA2209B304710B60009EB49 /* Project object */ = {
			isa = PBXProject;
			attributes = {
				BuildIndependentTargetsInParallel = 1;
				LastSwiftUpdateCheck = 2660;
				LastUpgradeCheck = 2660;
				TargetAttributes = {
					6BA220A2304710B60009EB49 = {
						CreatedOnToolsVersion = 26.6;
					};
					6BA220AF304710B70009EB49 = {
						CreatedOnToolsVersion = 26.6;
						TestTargetID = 6BA220A2304710B60009EB49;
					};
					6BA220B9304710B70009EB49 = {
						CreatedOnToolsVersion = 26.6;
						TestTargetID = 6BA220A2304710B60009EB49;
					};
				};
			};
			buildConfigurationList = 6BA2209E304710B60009EB49 /* Build configuration list for PBXProject "Chronicle" */;
			developmentRegion = en;
			hasScannedForEncodings = 0;
			knownRegions = (
				en,
				Base,
			);
			mainGroup = 6BA2209A304710B60009EB49;
			minimizedProjectReferenceProxies = 1;
			packageReferences = (
				CC0000000000000000000001 /* XCLocalSwiftPackageReference "ChronicleKit" */,
				CC0000000000000000000002 /* XCRemoteSwiftPackageReference "Sparkle" */,
			);
			preferredProjectObjectVersion = 77;
			productRefGroup = 6BA220A4304710B60009EB49 /* Products */;
			projectDirPath = "";
			projectRoot = "";
			targets = (
				6BA220A2304710B60009EB49 /* Chronicle */,
				CC0000000000000000000007 /* ChronicleCLI */,
				6BA220AF304710B70009EB49 /* ChronicleTests */,
				6BA220B9304710B70009EB49 /* ChronicleUITests */,
			);
		};
/* End PBXProject section */

/* Begin PBXResourcesBuildPhase section */
		6BA220A1304710B60009EB49 /* Resources */ = {
			isa = PBXResourcesBuildPhase;
			buildActionMask = 2147483647;
			files = (
			);
			runOnlyForDeploymentPostprocessing = 0;
		};
		6BA220AE304710B70009EB49 /* Resources */ = {
			isa = PBXResourcesBuildPhase;
			buildActionMask = 2147483647;
			files = (
			);
			runOnlyForDeploymentPostprocessing = 0;
		};
		6BA220B8304710B70009EB49 /* Resources */ = {
			isa = PBXResourcesBuildPhase;
			buildActionMask = 2147483647;
			files = (
			);
			runOnlyForDeploymentPostprocessing = 0;
		};
/* End PBXResourcesBuildPhase section */

/* Begin PBXSourcesBuildPhase section */
		6BA2209F304710B60009EB49 /* Sources */ = {
			isa = PBXSourcesBuildPhase;
			buildActionMask = 2147483647;
			files = (
			);
			runOnlyForDeploymentPostprocessing = 0;
		};
		6BA220AC304710B70009EB49 /* Sources */ = {
			isa = PBXSourcesBuildPhase;
			buildActionMask = 2147483647;
			files = (
			);
			runOnlyForDeploymentPostprocessing = 0;
		};
		6BA220B6304710B70009EB49 /* Sources */ = {
			isa = PBXSourcesBuildPhase;
			buildActionMask = 2147483647;
			files = (
			);
			runOnlyForDeploymentPostprocessing = 0;
		};
		CC0000000000000000000008 /* Sources */ = {
			isa = PBXSourcesBuildPhase;
			buildActionMask = 2147483647;
			files = (
			);
			runOnlyForDeploymentPostprocessing = 0;
		};
/* End PBXSourcesBuildPhase section */

/* Begin PBXTargetDependency section */
		6BA220B2304710B70009EB49 /* PBXTargetDependency */ = {
			isa = PBXTargetDependency;
			target = 6BA220A2304710B60009EB49 /* Chronicle */;
			targetProxy = 6BA220B1304710B70009EB49 /* PBXContainerItemProxy */;
		};
		6BA220BC304710B70009EB49 /* PBXTargetDependency */ = {
			isa = PBXTargetDependency;
			target = 6BA220A2304710B60009EB49 /* Chronicle */;
			targetProxy = 6BA220BB304710B70009EB49 /* PBXContainerItemProxy */;
		};
		CC0000000000000000000012 /* PBXTargetDependency */ = {
			isa = PBXTargetDependency;
			target = CC0000000000000000000007 /* ChronicleCLI */;
			targetProxy = CC0000000000000000000011 /* PBXContainerItemProxy */;
		};
/* End PBXTargetDependency section */

/* Begin XCBuildConfiguration section */
		6BA220C2304710B70009EB49 /* Debug */ = {
			isa = XCBuildConfiguration;
			buildSettings = {
				ALWAYS_SEARCH_USER_PATHS = NO;
				ASSETCATALOG_COMPILER_GENERATE_SWIFT_ASSET_SYMBOL_EXTENSIONS = YES;
				CLANG_ANALYZER_NONNULL = YES;
				CLANG_ANALYZER_NUMBER_OBJECT_CONVERSION = YES_AGGRESSIVE;
				CLANG_CXX_LANGUAGE_STANDARD = "gnu++20";
				CLANG_ENABLE_MODULES = YES;
				CLANG_ENABLE_OBJC_ARC = YES;
				CLANG_ENABLE_OBJC_WEAK = YES;
				CLANG_WARN_BLOCK_CAPTURE_AUTORELEASING = YES;
				CLANG_WARN_BOOL_CONVERSION = YES;
				CLANG_WARN_COMMA = YES;
				CLANG_WARN_CONSTANT_CONVERSION = YES;
				CLANG_WARN_DEPRECATED_OBJC_IMPLEMENTATIONS = YES;
				CLANG_WARN_DIRECT_OBJC_ISA_USAGE = YES_ERROR;
				CLANG_WARN_DOCUMENTATION_COMMENTS = YES;
				CLANG_WARN_EMPTY_BODY = YES;
				CLANG_WARN_ENUM_CONVERSION = YES;
				CLANG_WARN_INFINITE_RECURSION = YES;
				CLANG_WARN_INT_CONVERSION = YES;
				CLANG_WARN_NON_LITERAL_NULL_CONVERSION = YES;
				CLANG_WARN_OBJC_IMPLICIT_RETAIN_SELF = YES;
				CLANG_WARN_OBJC_LITERAL_CONVERSION = YES;
				CLANG_WARN_OBJC_ROOT_CLASS = YES_ERROR;
				CLANG_WARN_QUOTED_INCLUDE_IN_FRAMEWORK_HEADER = YES;
				CLANG_WARN_RANGE_LOOP_ANALYSIS = YES;
				CLANG_WARN_STRICT_PROTOTYPES = YES;
				CLANG_WARN_SUSPICIOUS_MOVE = YES;
				CLANG_WARN_UNGUARDED_AVAILABILITY = YES_AGGRESSIVE;
				CLANG_WARN_UNREACHABLE_CODE = YES;
				CLANG_WARN__DUPLICATE_METHOD_MATCH = YES;
				COPY_PHASE_STRIP = NO;
				DEBUG_INFORMATION_FORMAT = dwarf;
				DEVELOPMENT_TEAM = 657AK7D2D9;
				ENABLE_STRICT_OBJC_MSGSEND = YES;
				ENABLE_TESTABILITY = YES;
				ENABLE_USER_SCRIPT_SANDBOXING = YES;
				GCC_C_LANGUAGE_STANDARD = gnu17;
				GCC_DYNAMIC_NO_PIC = NO;
				GCC_NO_COMMON_BLOCKS = YES;
				GCC_OPTIMIZATION_LEVEL = 0;
				GCC_PREPROCESSOR_DEFINITIONS = (
					"DEBUG=1",
					"$(inherited)",
				);
				GCC_WARN_64_TO_32_BIT_CONVERSION = YES;
				GCC_WARN_ABOUT_RETURN_TYPE = YES_ERROR;
				GCC_WARN_UNDECLARED_SELECTOR = YES;
				GCC_WARN_UNINITIALIZED_AUTOS = YES_AGGRESSIVE;
				GCC_WARN_UNUSED_FUNCTION = YES;
				GCC_WARN_UNUSED_VARIABLE = YES;
				LOCALIZATION_PREFERS_STRING_CATALOGS = YES;
				MACOSX_DEPLOYMENT_TARGET = 26.5;
				MTL_ENABLE_DEBUG_INFO = INCLUDE_SOURCE;
				MTL_FAST_MATH = YES;
				ONLY_ACTIVE_ARCH = YES;
				SDKROOT = macosx;
				SWIFT_ACTIVE_COMPILATION_CONDITIONS = "DEBUG $(inherited)";
				SWIFT_OPTIMIZATION_LEVEL = "-Onone";
			};
			name = Debug;
		};
		6BA220C3304710B70009EB49 /* Release */ = {
			isa = XCBuildConfiguration;
			buildSettings = {
				ALWAYS_SEARCH_USER_PATHS = NO;
				ASSETCATALOG_COMPILER_GENERATE_SWIFT_ASSET_SYMBOL_EXTENSIONS = YES;
				CLANG_ANALYZER_NONNULL = YES;
				CLANG_ANALYZER_NUMBER_OBJECT_CONVERSION = YES_AGGRESSIVE;
				CLANG_CXX_LANGUAGE_STANDARD = "gnu++20";
				CLANG_ENABLE_MODULES = YES;
				CLANG_ENABLE_OBJC_ARC = YES;
				CLANG_ENABLE_OBJC_WEAK = YES;
				CLANG_WARN_BLOCK_CAPTURE_AUTORELEASING = YES;
				CLANG_WARN_BOOL_CONVERSION = YES;
				CLANG_WARN_COMMA = YES;
				CLANG_WARN_CONSTANT_CONVERSION = YES;
				CLANG_WARN_DEPRECATED_OBJC_IMPLEMENTATIONS = YES;
				CLANG_WARN_DIRECT_OBJC_ISA_USAGE = YES_ERROR;
				CLANG_WARN_DOCUMENTATION_COMMENTS = YES;
				CLANG_WARN_EMPTY_BODY = YES;
				CLANG_WARN_ENUM_CONVERSION = YES;
				CLANG_WARN_INFINITE_RECURSION = YES;
				CLANG_WARN_INT_CONVERSION = YES;
				CLANG_WARN_NON_LITERAL_NULL_CONVERSION = YES;
				CLANG_WARN_OBJC_IMPLICIT_RETAIN_SELF = YES;
				CLANG_WARN_OBJC_LITERAL_CONVERSION = YES;
				CLANG_WARN_OBJC_ROOT_CLASS = YES_ERROR;
				CLANG_WARN_QUOTED_INCLUDE_IN_FRAMEWORK_HEADER = YES;
				CLANG_WARN_RANGE_LOOP_ANALYSIS = YES;
				CLANG_WARN_STRICT_PROTOTYPES = YES;
				CLANG_WARN_SUSPICIOUS_MOVE = YES;
				CLANG_WARN_UNGUARDED_AVAILABILITY = YES_AGGRESSIVE;
				CLANG_WARN_UNREACHABLE_CODE = YES;
				CLANG_WARN__DUPLICATE_METHOD_MATCH = YES;
				COPY_PHASE_STRIP = NO;
				DEBUG_INFORMATION_FORMAT = "dwarf-with-dsym";
				DEVELOPMENT_TEAM = 657AK7D2D9;
				ENABLE_NS_ASSERTIONS = NO;
				ENABLE_STRICT_OBJC_MSGSEND = YES;
				ENABLE_USER_SCRIPT_SANDBOXING = YES;
				GCC_C_LANGUAGE_STANDARD = gnu17;
				GCC_NO_COMMON_BLOCKS = YES;
				GCC_WARN_64_TO_32_BIT_CONVERSION = YES;
				GCC_WARN_ABOUT_RETURN_TYPE = YES_ERROR;
				GCC_WARN_UNDECLARED_SELECTOR = YES;
				GCC_WARN_UNINITIALIZED_AUTOS = YES_AGGRESSIVE;
				GCC_WARN_UNUSED_FUNCTION = YES;
				GCC_WARN_UNUSED_VARIABLE = YES;
				LOCALIZATION_PREFERS_STRING_CATALOGS = YES;
				MACOSX_DEPLOYMENT_TARGET = 26.5;
				MTL_ENABLE_DEBUG_INFO = NO;
				MTL_FAST_MATH = YES;
				SDKROOT = macosx;
				SWIFT_COMPILATION_MODE = wholemodule;
			};
			name = Release;
		};
		6BA220C5304710B70009EB49 /* Debug */ = {
			isa = XCBuildConfiguration;
			buildSettings = {
				ASSETCATALOG_COMPILER_APPICON_NAME = AppIcon;
				ASSETCATALOG_COMPILER_GLOBAL_ACCENT_COLOR_NAME = AccentColor;
				CODE_SIGN_STYLE = Automatic;
				COMBINE_HIDPI_IMAGES = YES;
				CURRENT_PROJECT_VERSION = 1;
				DEVELOPMENT_TEAM = 657AK7D2D9;
				ENABLE_APP_SANDBOX = NO;
				ENABLE_HARDENED_RUNTIME = YES;
				ENABLE_PREVIEWS = YES;
				ENABLE_USER_SELECTED_FILES = readonly;
				GENERATE_INFOPLIST_FILE = YES;
				INFOPLIST_FILE = Chronicle/Info.plist;
				INFOPLIST_KEY_LSApplicationCategoryType = "public.app-category.developer-tools";
				INFOPLIST_KEY_NSHumanReadableCopyright = "";
				LD_RUNPATH_SEARCH_PATHS = (
					"$(inherited)",
					"@executable_path/../Frameworks",
				);
				MARKETING_VERSION = 1.0;
				PRODUCT_BUNDLE_IDENTIFIER = com.cmorrell.Chronicle;
				PRODUCT_NAME = "$(TARGET_NAME)";
				REGISTER_APP_GROUPS = YES;
				STRING_CATALOG_GENERATE_SYMBOLS = YES;
				SWIFT_APPROACHABLE_CONCURRENCY = YES;
				SWIFT_DEFAULT_ACTOR_ISOLATION = MainActor;
				SWIFT_EMIT_LOC_STRINGS = YES;
				SWIFT_UPCOMING_FEATURE_MEMBER_IMPORT_VISIBILITY = YES;
				SWIFT_VERSION = 5.0;
			};
			name = Debug;
		};
		6BA220C6304710B70009EB49 /* Release */ = {
			isa = XCBuildConfiguration;
			buildSettings = {
				ASSETCATALOG_COMPILER_APPICON_NAME = AppIcon;
				ASSETCATALOG_COMPILER_GLOBAL_ACCENT_COLOR_NAME = AccentColor;
				CODE_SIGN_STYLE = Automatic;
				COMBINE_HIDPI_IMAGES = YES;
				CURRENT_PROJECT_VERSION = 1;
				DEVELOPMENT_TEAM = 657AK7D2D9;
				ENABLE_APP_SANDBOX = NO;
				ENABLE_HARDENED_RUNTIME = YES;
				ENABLE_PREVIEWS = YES;
				ENABLE_USER_SELECTED_FILES = readonly;
				GENERATE_INFOPLIST_FILE = YES;
				INFOPLIST_FILE = Chronicle/Info.plist;
				INFOPLIST_KEY_LSApplicationCategoryType = "public.app-category.developer-tools";
				INFOPLIST_KEY_NSHumanReadableCopyright = "";
				LD_RUNPATH_SEARCH_PATHS = (
					"$(inherited)",
					"@executable_path/../Frameworks",
				);
				MARKETING_VERSION = 1.0;
				PRODUCT_BUNDLE_IDENTIFIER = com.cmorrell.Chronicle;
				PRODUCT_NAME = "$(TARGET_NAME)";
				REGISTER_APP_GROUPS = YES;
				STRING_CATALOG_GENERATE_SYMBOLS = YES;
				SWIFT_APPROACHABLE_CONCURRENCY = YES;
				SWIFT_DEFAULT_ACTOR_ISOLATION = MainActor;
				SWIFT_EMIT_LOC_STRINGS = YES;
				SWIFT_UPCOMING_FEATURE_MEMBER_IMPORT_VISIBILITY = YES;
				SWIFT_VERSION = 5.0;
			};
			name = Release;
		};
		6BA220C8304710B70009EB49 /* Debug */ = {
			isa = XCBuildConfiguration;
			buildSettings = {
				BUNDLE_LOADER = "$(TEST_HOST)";
				CODE_SIGN_STYLE = Automatic;
				CURRENT_PROJECT_VERSION = 1;
				DEVELOPMENT_TEAM = 657AK7D2D9;
				GENERATE_INFOPLIST_FILE = YES;
				MACOSX_DEPLOYMENT_TARGET = 26.5;
				MARKETING_VERSION = 1.0;
				PRODUCT_BUNDLE_IDENTIFIER = com.cmorrell.ChronicleTests;
				PRODUCT_NAME = "$(TARGET_NAME)";
				STRING_CATALOG_GENERATE_SYMBOLS = NO;
				SWIFT_APPROACHABLE_CONCURRENCY = YES;
				SWIFT_EMIT_LOC_STRINGS = NO;
				SWIFT_UPCOMING_FEATURE_MEMBER_IMPORT_VISIBILITY = YES;
				SWIFT_VERSION = 5.0;
				TEST_HOST = "$(BUILT_PRODUCTS_DIR)/Chronicle.app/$(BUNDLE_EXECUTABLE_FOLDER_PATH)/Chronicle";
			};
			name = Debug;
		};
		6BA220C9304710B70009EB49 /* Release */ = {
			isa = XCBuildConfiguration;
			buildSettings = {
				BUNDLE_LOADER = "$(TEST_HOST)";
				CODE_SIGN_STYLE = Automatic;
				CURRENT_PROJECT_VERSION = 1;
				DEVELOPMENT_TEAM = 657AK7D2D9;
				GENERATE_INFOPLIST_FILE = YES;
				MACOSX_DEPLOYMENT_TARGET = 26.5;
				MARKETING_VERSION = 1.0;
				PRODUCT_BUNDLE_IDENTIFIER = com.cmorrell.ChronicleTests;
				PRODUCT_NAME = "$(TARGET_NAME)";
				STRING_CATALOG_GENERATE_SYMBOLS = NO;
				SWIFT_APPROACHABLE_CONCURRENCY = YES;
				SWIFT_EMIT_LOC_STRINGS = NO;
				SWIFT_UPCOMING_FEATURE_MEMBER_IMPORT_VISIBILITY = YES;
				SWIFT_VERSION = 5.0;
				TEST_HOST = "$(BUILT_PRODUCTS_DIR)/Chronicle.app/$(BUNDLE_EXECUTABLE_FOLDER_PATH)/Chronicle";
			};
			name = Release;
		};
		6BA220CB304710B70009EB49 /* Debug */ = {
			isa = XCBuildConfiguration;
			buildSettings = {
				CODE_SIGN_STYLE = Automatic;
				CURRENT_PROJECT_VERSION = 1;
				DEVELOPMENT_TEAM = 657AK7D2D9;
				GENERATE_INFOPLIST_FILE = YES;
				MARKETING_VERSION = 1.0;
				PRODUCT_BUNDLE_IDENTIFIER = com.cmorrell.ChronicleUITests;
				PRODUCT_NAME = "$(TARGET_NAME)";
				STRING_CATALOG_GENERATE_SYMBOLS = NO;
				SWIFT_APPROACHABLE_CONCURRENCY = YES;
				SWIFT_EMIT_LOC_STRINGS = NO;
				SWIFT_UPCOMING_FEATURE_MEMBER_IMPORT_VISIBILITY = YES;
				SWIFT_VERSION = 5.0;
				TEST_TARGET_NAME = Chronicle;
			};
			name = Debug;
		};
		6BA220CC304710B70009EB49 /* Release */ = {
			isa = XCBuildConfiguration;
			buildSettings = {
				CODE_SIGN_STYLE = Automatic;
				CURRENT_PROJECT_VERSION = 1;
				DEVELOPMENT_TEAM = 657AK7D2D9;
				GENERATE_INFOPLIST_FILE = YES;
				MARKETING_VERSION = 1.0;
				PRODUCT_BUNDLE_IDENTIFIER = com.cmorrell.ChronicleUITests;
				PRODUCT_NAME = "$(TARGET_NAME)";
				STRING_CATALOG_GENERATE_SYMBOLS = NO;
				SWIFT_APPROACHABLE_CONCURRENCY = YES;
				SWIFT_EMIT_LOC_STRINGS = NO;
				SWIFT_UPCOMING_FEATURE_MEMBER_IMPORT_VISIBILITY = YES;
				SWIFT_VERSION = 5.0;
				TEST_TARGET_NAME = Chronicle;
			};
			name = Release;
		};
		CC0000000000000000000013 /* Debug */ = {
			isa = XCBuildConfiguration;
			buildSettings = {
				CODE_SIGN_STYLE = Automatic;
				CURRENT_PROJECT_VERSION = 1;
				DEVELOPMENT_TEAM = 657AK7D2D9;
				ENABLE_HARDENED_RUNTIME = YES;
				MARKETING_VERSION = 1.0;
				PRODUCT_MODULE_NAME = ChronicleCLI;
				PRODUCT_NAME = chronicle;
				SKIP_INSTALL = YES;
				SWIFT_VERSION = 5.0;
			};
			name = Debug;
		};
		CC0000000000000000000014 /* Release */ = {
			isa = XCBuildConfiguration;
			buildSettings = {
				CODE_SIGN_STYLE = Automatic;
				CURRENT_PROJECT_VERSION = 1;
				DEVELOPMENT_TEAM = 657AK7D2D9;
				ENABLE_HARDENED_RUNTIME = YES;
				MARKETING_VERSION = 1.0;
				PRODUCT_MODULE_NAME = ChronicleCLI;
				PRODUCT_NAME = chronicle;
				SKIP_INSTALL = YES;
				SWIFT_VERSION = 5.0;
			};
			name = Release;
		};
/* End XCBuildConfiguration section */

/* Begin XCConfigurationList section */
		6BA2209E304710B60009EB49 /* Build configuration list for PBXProject "Chronicle" */ = {
			isa = XCConfigurationList;
			buildConfigurations = (
				6BA220C2304710B70009EB49 /* Debug */,
				6BA220C3304710B70009EB49 /* Release */,
			);
			defaultConfigurationIsVisible = 0;
			defaultConfigurationName = Release;
		};
		6BA220C4304710B70009EB49 /* Build configuration list for PBXNativeTarget "Chronicle" */ = {
			isa = XCConfigurationList;
			buildConfigurations = (
				6BA220C5304710B70009EB49 /* Debug */,
				6BA220C6304710B70009EB49 /* Release */,
			);
			defaultConfigurationIsVisible = 0;
			defaultConfigurationName = Release;
		};
		6BA220C7304710B70009EB49 /* Build configuration list for PBXNativeTarget "ChronicleTests" */ = {
			isa = XCConfigurationList;
			buildConfigurations = (
				6BA220C8304710B70009EB49 /* Debug */,
				6BA220C9304710B70009EB49 /* Release */,
			);
			defaultConfigurationIsVisible = 0;
			defaultConfigurationName = Release;
		};
		6BA220CA304710B70009EB49 /* Build configuration list for PBXNativeTarget "ChronicleUITests" */ = {
			isa = XCConfigurationList;
			buildConfigurations = (
				6BA220CB304710B70009EB49 /* Debug */,
				6BA220CC304710B70009EB49 /* Release */,
			);
			defaultConfigurationIsVisible = 0;
			defaultConfigurationName = Release;
		};
		CC000000000000000000000B /* Build configuration list for PBXNativeTarget "ChronicleCLI" */ = {
			isa = XCConfigurationList;
			buildConfigurations = (
				CC0000000000000000000013 /* Debug */,
				CC0000000000000000000014 /* Release */,
			);
			defaultConfigurationIsVisible = 0;
			defaultConfigurationName = Release;
		};
/* End XCConfigurationList section */

/* Begin XCLocalSwiftPackageReference section */
		CC0000000000000000000001 /* XCLocalSwiftPackageReference "ChronicleKit" */ = {
			isa = XCLocalSwiftPackageReference;
			relativePath = ChronicleKit;
		};
/* End XCLocalSwiftPackageReference section */

/* Begin XCRemoteSwiftPackageReference section */
		CC0000000000000000000002 /* XCRemoteSwiftPackageReference "Sparkle" */ = {
			isa = XCRemoteSwiftPackageReference;
			repositoryURL = "https://github.com/sparkle-project/Sparkle";
			requirement = {
				kind = upToNextMajorVersion;
				minimumVersion = 2.0.0;
			};
		};
/* End XCRemoteSwiftPackageReference section */

/* Begin XCSwiftPackageProductDependency section */
		CC0000000000000000000003 /* ChronicleKit */ = {
			isa = XCSwiftPackageProductDependency;
			productName = ChronicleKit;
		};
		CC0000000000000000000004 /* Sparkle */ = {
			isa = XCSwiftPackageProductDependency;
			package = CC0000000000000000000002 /* XCRemoteSwiftPackageReference "Sparkle" */;
			productName = Sparkle;
		};
		CC0000000000000000000005 /* ChronicleCLICore */ = {
			isa = XCSwiftPackageProductDependency;
			productName = ChronicleCLICore;
		};
/* End XCSwiftPackageProductDependency section */
	};
	rootObject = 6BA2209B304710B60009EB49 /* Project object */;
}
